
Microsoft Visual Studio Solution File, Format Version 10.00
# Visual Studio 2008
Project("{FAE04EC0-301F-11D3-BF4B-00C04F79EFBC}") = "Helper", "Helper.csproj", "{4CA0C02C-89A3-4CFC-80EE-DD572F7E4A48}"
EndProject
Global
	GlobalSection(SolutionConfigurationPlatforms) = preSolution
		Debug|Any CPU = Debug|Any CPU
		Release|Any CPU = Release|Any CPU
	EndGlobalSection
	GlobalSection(ProjectConfigurationPlatforms) = postSolution
		{4CA0C02C-89A3-4CFC-80EE-DD572F7E4A48}.Debug|Any CPU.ActiveCfg = Debug|Any CPU
		{4CA0C02C-89A3-4CFC-80EE-DD572F7E4A48}.Debug|Any CPU.Build.0 = Debug|Any CPU
		{4CA0C02C-89A3-4CFC-80EE-DD572F7E4A48}.Release|Any CPU.ActiveCfg = Release|Any CPU
		{4CA0C02C-89A3-4CFC-80EE-DD572F7E4A48}.Release|Any CPU.Build.0 = Release|Any CPU
	EndGlobalSection
	GlobalSection(SolutionProperties) = preSolution
		HideSolutionNode = FALSE
	EndGlobalSection
EndGlobal
