
Microsoft Visual Studio Solution File, Format Version 10.00
# Visual Studio 2008
Project("{FAE04EC0-301F-11D3-BF4B-00C04F79EFBC}") = "HttpCwsServerExample", "HttpCwsServerExample\HttpCwsServerExample.csproj", "{3BDE6A56-1F99-47E9-AF54-14584509071C}"
EndProject
Global
	GlobalSection(SolutionConfigurationPlatforms) = preSolution
		Debug|Any CPU = Debug|Any CPU
		Release|Any CPU = Release|Any CPU
	EndGlobalSection
	GlobalSection(ProjectConfigurationPlatforms) = postSolution
		{3BDE6A56-1F99-47E9-AF54-14584509071C}.Debug|Any CPU.ActiveCfg = Debug|Any CPU
		{3BDE6A56-1F99-47E9-AF54-14584509071C}.Debug|Any CPU.Build.0 = Debug|Any CPU
		{3BDE6A56-1F99-47E9-AF54-14584509071C}.Release|Any CPU.ActiveCfg = Release|Any CPU
		{3BDE6A56-1F99-47E9-AF54-14584509071C}.Release|Any CPU.Build.0 = Release|Any CPU
	EndGlobalSection
	GlobalSection(SolutionProperties) = preSolution
		HideSolutionNode = FALSE
	EndGlobalSection
EndGlobal
