
Microsoft Visual Studio Solution File, Format Version 10.00
# Visual Studio 2008
Project("{FAE04EC0-301F-11D3-BF4B-00C04F79EFBC}") = "hsvtorgb", "hsvtorgb.csproj", "{257815D6-1A26-4423-BFCC-ED2B71173D47}"
EndProject
Global
	GlobalSection(SolutionConfigurationPlatforms) = preSolution
		Debug|Any CPU = Debug|Any CPU
		Release|Any CPU = Release|Any CPU
	EndGlobalSection
	GlobalSection(ProjectConfigurationPlatforms) = postSolution
		{257815D6-1A26-4423-BFCC-ED2B71173D47}.Debug|Any CPU.ActiveCfg = Debug|Any CPU
		{257815D6-1A26-4423-BFCC-ED2B71173D47}.Debug|Any CPU.Build.0 = Debug|Any CPU
		{257815D6-1A26-4423-BFCC-ED2B71173D47}.Release|Any CPU.ActiveCfg = Release|Any CPU
		{257815D6-1A26-4423-BFCC-ED2B71173D47}.Release|Any CPU.Build.0 = Release|Any CPU
	EndGlobalSection
	GlobalSection(SolutionProperties) = preSolution
		HideSolutionNode = FALSE
	EndGlobalSection
EndGlobal
