
Microsoft Visual Studio Solution File, Format Version 10.00
# Visual Studio 2008
Project("{FAE04EC0-301F-11D3-BF4B-00C04F79EFBC}") = "WebSocketServer", "WebSocketServer.csproj", "{4BB303B0-C437-451E-A652-9C05ECB50C69}"
EndProject
Global
	GlobalSection(SolutionConfigurationPlatforms) = preSolution
		Debug|Any CPU = Debug|Any CPU
		Release|Any CPU = Release|Any CPU
	EndGlobalSection
	GlobalSection(ProjectConfigurationPlatforms) = postSolution
		{4BB303B0-C437-451E-A652-9C05ECB50C69}.Debug|Any CPU.ActiveCfg = Debug|Any CPU
		{4BB303B0-C437-451E-A652-9C05ECB50C69}.Debug|Any CPU.Build.0 = Debug|Any CPU
		{4BB303B0-C437-451E-A652-9C05ECB50C69}.Release|Any CPU.ActiveCfg = Release|Any CPU
		{4BB303B0-C437-451E-A652-9C05ECB50C69}.Release|Any CPU.Build.0 = Release|Any CPU
	EndGlobalSection
	GlobalSection(SolutionProperties) = preSolution
		HideSolutionNode = FALSE
	EndGlobalSection
EndGlobal
